cloud.google.com/go v0.26.0/go.mod h1:aQUYkXzVsufM+DwF1aE+0xfcU+56JwCaLick0ClmMTw=
cloud.google.com/go v0.112.0 h1:tpFCD7hpHFlQ8yPwT3x+QeXqc2T6+n6T+hmABHfDUSM=
cloud.google.com/go v0.112.0/go.mod h1:3jEEVwZ/MHU4djK5t5RHuKOA/GbLddgTdVubX1qnPD4=
cloud.google.com/go v0.112.1/go.mod h1:+Vbu+Y1UU+I1rjmzeMOb/8RfkKJK2Gyxi1X6jJCZLo4=
cloud.google.com/go/ai v0.3.0 h1:M617N0brv+XFch2KToZUhv6ggzgFZMUnmDkNQjW2pYg=
cloud.google.com/go/ai v0.3.0/go.mod h1:dTuQIBA8Kljuas5z1WNot1QZOl476A9TsFqEi6pzJlI=
