github.com/davecgh/go-spew v1.1.1 h1:vj9j/u1bqnvCEfJOwUhtlOARqs3+rkHYY13jYWTU97c=
github.com/dlclark/regexp2 v1.8.1 h1:6Lcdwya6GjPUNsBct8Lg/yRPwMhABj269AAzdGSiR+0=
github.com/dlclark/regexp2 v1.8.1/go.mod h1:DHkYz0B9wPfa6wondMfaivmHpzrQ3v9q8cnmRbL6yW8=
github.com/google/uuid v1.3.0 h1:t6JiXgmwXMjEs8VusXIJk2BXHsn+wx8BZdTaoZ5fu7I=
github.com/google/uuid v1.3.0/go.mod h1:TIyPZe4MgqvfeYDBFedMoGGpEw/LqOeaOT+nhxU+yHo=
github.com/pkoukk/tiktoken-go v0.1.2 h1:u7PCSBiWJ3nJYoTGShyM9iHXz4dNyYkurwwp+GHtyHY=
github.com/pkoukk/tiktoken-go v0.1.2/go.mod h1:boMWvk9pQCOTx11pgu0DrIdrAKgQzzJKUP6vLXaz7Rw=
github.com/pmezard/go-difflib v1.0.0 h1:4DBwDE0NGyQoBHbLQYPwSUPoCMWR5BEzIk/f1lZbAQM=
github.com/stretchr/testify v1.8.2 h1:+h33VjcLVPDHtOdpUCuF+7gSuG3yGIftsP1YvFihtJ8=
github.com/tmc/langchaingo v0.0.0-20230723183709-cb9f67698bea h1:9TKCNMfYcIEyQbLwawGTcV4BeNFtfAE2eUb6MuCIvog=
github.com/tmc/langchaingo v0.0.0-20230723183709-cb9f67698bea/go.mod h1:8T+nNIGBr3nYQEYFmF/YaT8t8YTKLvFYZBuVZOAYn5E=
github.com/tmc/langchaingo v0.0.0-20230723211219-75487792b319 h1:6F7zF+8Mgatxc3sBVycD9wnLcDLAN48bl3EFKWJEo0U=
github.com/tmc/langchaingo v0.0.0-20230723211219-75487792b319/go.mod h1:8T+nNIGBr3nYQEYFmF/YaT8t8YTKLvFYZBuVZOAYn5E=
gopkg.in/yaml.v3 v3.0.1 h1:fxVm/GzAzEWqLHuvctI91KS9hhNmmWOoWu0XTYJS7CA=
