github.com/cohere-ai/tokenizer v1.1.2 h1:t3KwUBSpKiBVFtpnHBfVIQNmjfZUuqFVYuSFkZYOWpU=
github.com/cohere-ai/tokenizer v1.1.2/go.mod h1:9MNFPd9j1fuiEK3ua2HSCUxxcrfGMlSqpa93livg/C0=
github.com/davecgh/go-spew v1.1.1 h1:vj9j/u1bqnvCEfJOwUhtlOARqs3+rkHYY13jYWTU97c=
github.com/dlclark/regexp2 v1.8.1 h1:6Lcdwya6GjPUNsBct8Lg/yRPwMhABj269AAzdGSiR+0=
github.com/dlclark/regexp2 v1.8.1/go.mod h1:DHkYz0B9wPfa6wondMfaivmHpzrQ3v9q8cnmRbL6yW8=
github.com/google/uuid v1.3.0 h1:t6JiXgmwXMjEs8VusXIJk2BXHsn+wx8BZdTaoZ5fu7I=
github.com/google/uuid v1.3.0/go.mod h1:TIyPZe4MgqvfeYDBFedMoGGpEw/LqOeaOT+nhxU+yHo=
github.com/pkg/errors v0.9.1 h1:FEBLx1zS214owpjy7qsBeixbURkuhQAwrK5UwLGTwt4=
github.com/pkg/errors v0.9.1/go.mod h1:bwawxfHBFNV+L2hUp1rHADufV3IMtnDRdf1r5NINEl0=
github.com/pkoukk/tiktoken-go v0.1.2 h1:u7PCSBiWJ3nJYoTGShyM9iHXz4dNyYkurwwp+GHtyHY=
github.com/pkoukk/tiktoken-go v0.1.2/go.mod h1:boMWvk9pQCOTx11pgu0DrIdrAKgQzzJKUP6vLXaz7Rw=
github.com/pmezard/go-difflib v1.0.0 h1:4DBwDE0NGyQoBHbLQYPwSUPoCMWR5BEzIk/f1lZbAQM=
github.com/stretchr/testify v1.8.2 h1:+h33VjcLVPDHtOdpUCuF+7gSuG3yGIftsP1YvFihtJ8=
github.com/tmc/langchaingo v0.0.0-20230723222729-cdc57b5af63d h1:OgnDRjRLT/B+l+DvKEoWfVop+HHa/FOB+TCiwaTYmWc=
github.com/tmc/langchaingo v0.0.0-20230723222729-cdc57b5af63d/go.mod h1:8T+nNIGBr3nYQEYFmF/YaT8t8YTKLvFYZBuVZOAYn5E=
gopkg.in/yaml.v3 v3.0.1 h1:fxVm/GzAzEWqLHuvctI91KS9hhNmmWOoWu0XTYJS7CA=
