github.com/davecgh/go-spew v1.1.1 h1:vj9j/u1bqnvCEfJOwUhtlOARqs3+rkHYY13jYWTU97c=
github.com/davecgh/go-spew v1.1.1/go.mod h1:J7Y8YcW2NihsgmVo/mv3lAwl/skON4iLHjSsI+c5H38=
github.com/dlclark/regexp2 v1.8.1 h1:6Lcdwya6GjPUNsBct8Lg/yRPwMhABj269AAzdGSiR+0=
github.com/dlclark/regexp2 v1.8.1/go.mod h1:DHkYz0B9wPfa6wondMfaivmHpzrQ3v9q8cnmRbL6yW8=
github.com/dlclark/regexp2 v1.10.0/go.mod h1:DHkYz0B9wPfa6wondMfaivmHpzrQ3v9q8cnmRbL6yW8=
github.com/google/uuid v1.4.0 h1:MtMxsa51/r9yyhkyLsVeVt0B+BGQZzpQiTQ4eHZ8bc4=
github.com/google/uuid v1.4.0/go.mod h1:TIyPZe4MgqvfeYDBFedMoGGpEw/LqOeaOT+nhxU+yHo=
github.com/google/uuid v1.6.0/go.mod h1:TIyPZe4MgqvfeYDBFedMoGGpEw/LqOeaOT+nhxU+yHo=
github.com/h0rv/go-watsonx v0.2.0 h1:1hE81Be8IvArb7BJjISpZh6nO+c5KEGkWQ2V4Y+Fhwg=
github.com/h0rv/go-watsonx v0.2.0/go.mod h1:QHED4UARKVpcbkzZWqfeskcfzkOqkRYepdnIYaHWxZw=
github.com/h0rv/go-watsonx v1.0.0/go.mod h1:QHED4UARKVpcbkzZWqfeskcfzkOqkRYepdnIYaHWxZw=
github.com/pkoukk/tiktoken-go v0.1.2 h1:u7PCSBiWJ3nJYoTGShyM9iHXz4dNyYkurwwp+GHtyHY=
github.com/pkoukk/tiktoken-go v0.1.2/go.mod h1:boMWvk9pQCOTx11pgu0DrIdrAKgQzzJKUP6vLXaz7Rw=
github.com/pkoukk/tiktoken-go v0.1.6/go.mod h1:9NiV+i9mJKGj1rYOT+njbv+ZwA/zJxYdewGl6qVatpg=
github.com/pmezard/go-difflib v1.0.0 h1:4DBwDE0NGyQoBHbLQYPwSUPoCMWR5BEzIk/f1lZbAQM=
github.com/pmezard/go-difflib v1.0.0/go.mod h1:iKH77koFhYxTK1pcRnkKkqfTogsbg7gZNVY4sRDYZ/4=
github.com/stretchr/testify v1.8.4 h1:CcVxjf3Q8PM0mHUKJCdn+eZZtm5yQwehR5yeSVQQcUk=
github.com/stretchr/testify v1.8.4/go.mod h1:sz/lmYIOXD/1dqDmKjjqLyZ2RngseejIcXlSw2iwfAo=
github.com/tmc/langchaingo v0.1.4-alpha.0 h1:WVu2KgHr9wloHAiMbbeytiv2W76vpkA59uUwf0EUgrQ=
github.com/tmc/langchaingo v0.1.4-alpha.0/go.mod h1:PKtJMXizDxJnT86q7lsVsyzTJqd0P2QKF7wt2jF6Lxk=
github.com/tmc/langchaingo v0.1.6-alpha.1.0.20240318233729-714924b52066 h1:RmJeC02el7wzAwqoNFq4+rd1dceAjhGQ6QTBRxZYqag=
github.com/tmc/langchaingo v0.1.6-alpha.1.0.20240318233729-714924b52066/go.mod h1:dbjDj86MKCj0icurOXCYT+QW6fVNfdfxuSUXUn+yhL4=
github.com/tmc/langchaingo v0.1.9-0.20240403145928-594021b91d0d h1:XgRR1R7zSaBvXmfZWEOKEZPg9dcrXEC6xCr3OzYzcHg=
github.com/tmc/langchaingo v0.1.9-0.20240403145928-594021b91d0d/go.mod h1:uKbZdnjKcNNmve7BD8OO441YhS4nQwhKtb0ze28DAdI=
gopkg.in/yaml.v3 v3.0.1 h1:fxVm/GzAzEWqLHuvctI91KS9hhNmmWOoWu0XTYJS7CA=
gopkg.in/yaml.v3 v3.0.1/go.mod h1:K4uyk7z7BCEPqu6E+C64Yfv1cQ7kz7rIZviUmN+EgEM=
